
Microsoft Visual Studio Solution File, Format Version 12.00
# Visual Studio 15
VisualStudioVersion = 15.0.28307.572
MinimumVisualStudioVersion = 10.0.40219.1
Project("{8BC9CEB8-8B4A-11D0-8D11-00A0C91BC942}") = "D3D12Compute", "D3D12Compute\D3D12Compute.vcxproj", "{178BBCC1-92B9-4615-97B7-87A64067202B}"
EndProject
Project("{8BC9CEB8-8B4A-11D0-8D11-00A0C91BC942}") = "D3D11Compute", "D3D11Compute\D3D11Compute.vcxproj", "{D9E86643-6F38-4D28-B41E-BD0CCA2AEE5A}"
EndProject
Project("{8BC9CEB8-8B4A-11D0-8D11-00A0C91BC942}") = "D3D12ComputeAdd", "D3D12ComputeAdd\D3D12ComputeAdd.vcxproj", "{5805915C-B779-4033-9C04-F927D14CC237}"
EndProject
Global
	GlobalSection(SolutionConfigurationPlatforms) = preSolution
		Debug|x64 = Debug|x64
		Debug|x86 = Debug|x86
		Release|x64 = Release|x64
		Release|x86 = Release|x86
	EndGlobalSection
	GlobalSection(ProjectConfigurationPlatforms) = postSolution
		{178BBCC1-92B9-4615-97B7-87A64067202B}.Debug|x64.ActiveCfg = Debug|x64
		{178BBCC1-92B9-4615-97B7-87A64067202B}.Debug|x64.Build.0 = Debug|x64
		{178BBCC1-92B9-4615-97B7-87A64067202B}.Debug|x86.ActiveCfg = Debug|Win32
		{178BBCC1-92B9-4615-97B7-87A64067202B}.Debug|x86.Build.0 = Debug|Win32
		{178BBCC1-92B9-4615-97B7-87A64067202B}.Release|x64.ActiveCfg = Release|x64
		{178BBCC1-92B9-4615-97B7-87A64067202B}.Release|x64.Build.0 = Release|x64
		{178BBCC1-92B9-4615-97B7-87A64067202B}.Release|x86.ActiveCfg = Release|Win32
		{178BBCC1-92B9-4615-97B7-87A64067202B}.Release|x86.Build.0 = Release|Win32
		{D9E86643-6F38-4D28-B41E-BD0CCA2AEE5A}.Debug|x64.ActiveCfg = Debug|x64
		{D9E86643-6F38-4D28-B41E-BD0CCA2AEE5A}.Debug|x64.Build.0 = Debug|x64
		{D9E86643-6F38-4D28-B41E-BD0CCA2AEE5A}.Debug|x86.ActiveCfg = Debug|Win32
		{D9E86643-6F38-4D28-B41E-BD0CCA2AEE5A}.Debug|x86.Build.0 = Debug|Win32
		{D9E86643-6F38-4D28-B41E-BD0CCA2AEE5A}.Release|x64.ActiveCfg = Release|x64
		{D9E86643-6F38-4D28-B41E-BD0CCA2AEE5A}.Release|x64.Build.0 = Release|x64
		{D9E86643-6F38-4D28-B41E-BD0CCA2AEE5A}.Release|x86.ActiveCfg = Release|Win32
		{D9E86643-6F38-4D28-B41E-BD0CCA2AEE5A}.Release|x86.Build.0 = Release|Win32
		{5805915C-B779-4033-9C04-F927D14CC237}.Debug|x64.ActiveCfg = Debug|x64
		{5805915C-B779-4033-9C04-F927D14CC237}.Debug|x64.Build.0 = Debug|x64
		{5805915C-B779-4033-9C04-F927D14CC237}.Debug|x86.ActiveCfg = Debug|Win32
		{5805915C-B779-4033-9C04-F927D14CC237}.Debug|x86.Build.0 = Debug|Win32
		{5805915C-B779-4033-9C04-F927D14CC237}.Release|x64.ActiveCfg = Release|x64
		{5805915C-B779-4033-9C04-F927D14CC237}.Release|x64.Build.0 = Release|x64
		{5805915C-B779-4033-9C04-F927D14CC237}.Release|x86.ActiveCfg = Release|Win32
		{5805915C-B779-4033-9C04-F927D14CC237}.Release|x86.Build.0 = Release|Win32
	EndGlobalSection
	GlobalSection(SolutionProperties) = preSolution
		HideSolutionNode = FALSE
	EndGlobalSection
	GlobalSection(ExtensibilityGlobals) = postSolution
		SolutionGuid = {B61D3CD7-5AC9-48B4-B6C6-E760E8ADF6E7}
	EndGlobalSection
EndGlobal
